
Microsoft Visual Studio Solution File, Format Version 12.00
# Visual Studio 15
VisualStudioVersion = 15.0.28307.572
MinimumVisualStudioVersion = 10.0.40219.1
Project("{9A19103F-16F7-4668-BE54-9A1E7A4F7556}") = "FlightsApp.Web", "FlightsAppWeb\FlightsApp.Web.csproj", "{83051F4D-0F88-48B1-903C-F86EBE46522E}"
EndProject
Project("{9A19103F-16F7-4668-BE54-9A1E7A4F7556}") = "FlightsApp.Models", "FlightsAppModels\FlightsApp.Models.csproj", "{57BFDE85-2DD1-4BCC-A02C-570E17212C2A}"
EndProject
Project("{FAE04EC0-301F-11D3-BF4B-00C04F79EFBC}") = "FlightsApp.API", "FlightsApp.API\FlightsApp.API.csproj", "{72B6F832-0633-4F3F-B4B4-AED4B11DAAC3}"
EndProject
Global
	GlobalSection(SolutionConfigurationPlatforms) = preSolution
		Debug|Any CPU = Debug|Any CPU
		Release|Any CPU = Release|Any CPU
	EndGlobalSection
	GlobalSection(ProjectConfigurationPlatforms) = postSolution
		{83051F4D-0F88-48B1-903C-F86EBE46522E}.Debug|Any CPU.ActiveCfg = Debug|Any CPU
		{83051F4D-0F88-48B1-903C-F86EBE46522E}.Debug|Any CPU.Build.0 = Debug|Any CPU
		{83051F4D-0F88-48B1-903C-F86EBE46522E}.Release|Any CPU.ActiveCfg = Release|Any CPU
		{83051F4D-0F88-48B1-903C-F86EBE46522E}.Release|Any CPU.Build.0 = Release|Any CPU
		{57BFDE85-2DD1-4BCC-A02C-570E17212C2A}.Debug|Any CPU.ActiveCfg = Debug|Any CPU
		{57BFDE85-2DD1-4BCC-A02C-570E17212C2A}.Debug|Any CPU.Build.0 = Debug|Any CPU
		{57BFDE85-2DD1-4BCC-A02C-570E17212C2A}.Release|Any CPU.ActiveCfg = Release|Any CPU
		{57BFDE85-2DD1-4BCC-A02C-570E17212C2A}.Release|Any CPU.Build.0 = Release|Any CPU
		{72B6F832-0633-4F3F-B4B4-AED4B11DAAC3}.Debug|Any CPU.ActiveCfg = Debug|Any CPU
		{72B6F832-0633-4F3F-B4B4-AED4B11DAAC3}.Debug|Any CPU.Build.0 = Debug|Any CPU
		{72B6F832-0633-4F3F-B4B4-AED4B11DAAC3}.Release|Any CPU.ActiveCfg = Release|Any CPU
		{72B6F832-0633-4F3F-B4B4-AED4B11DAAC3}.Release|Any CPU.Build.0 = Release|Any CPU
	EndGlobalSection
	GlobalSection(SolutionProperties) = preSolution
		HideSolutionNode = FALSE
	EndGlobalSection
	GlobalSection(ExtensibilityGlobals) = postSolution
		SolutionGuid = {69602107-B2FB-4223-87FE-AFF59B7DE5CA}
	EndGlobalSection
EndGlobal
